{
  "name": "ngrx",
  "version": "0.0.0",
  "lockfileVersion": 1,
  "requires": true,
  "dependencies": {
    "@ngrx/core": {
      "version": "1.2.0",
      "resolved": "https://registry.npmjs.org/@ngrx/core/-/core-1.2.0.tgz",
      "integrity": "sha1-iCtGq6+i4ObYh8txobLC+j5tDcY="
    },
    "@ngrx/store": {
      "version": "6.0.1",
      "resolved": "https://registry.npmjs.org/@ngrx/store/-/store-6.0.1.tgz",
      "integrity": "sha512-cSgfT8CgpOr6BOQac9M3DH6QQC5gxCVjdEcZH//Zn/kwdse86X73iK7KWv6B6AiIEdyVbFfggXNZwd/HiyLGOA=="
    }
  }
}
